{
  "version": 2,
  "dependencies": {
    "net10.0": {
      "coverlet.collector": {
        "type": "Direct",
        "requested": "[6.0.4, )",
        "resolved": "6.0.4",
        "contentHash": "lkhqpF8Pu2Y7IiN7OntbsTtdbpR1syMsm2F3IgX6ootA4ffRqWL5jF7XipHuZQTdVuWG/gVAAcf8mjk8Tz0xPg=="
      },
      "Microsoft.AspNetCore.Identity.EntityFrameworkCore": {
        "type": "Direct",
        "requested": "[10.0.3, )",
        "resolved": "10.0.3",
        "contentHash": "6SEGWi35DZ9syBqCT8v5vEkm9tWUayWxVkHWLwW2FdyXSwS0zzEpIzGPLVQGeug3VU8d+hK/PFxFwwZnblv/zA==",
        "dependencies": {
          "Microsoft.EntityFrameworkCore.Relational": "10.0.3"
        }
      },
      "Microsoft.EntityFrameworkCore.InMemory": {
        "type": "Direct",
        "requested": "[10.0.3, )",
        "resolved": "10.0.3",
        "contentHash": "Gw8wef/BAHx59FiFJzgVHpccq/Qwtrghb3NzofgHZwhKxkmc9ePB7bqVhMZzrceQ4wTEwfPwD8y61FaOFPIf7Q==",
        "dependencies": {
          "Microsoft.EntityFrameworkCore": "10.0.3"
        }
      },
      "Microsoft.NET.Test.Sdk": {
        "type": "Direct",
        "requested": "[17.13.0, )",
        "resolved": "17.13.0",
        "contentHash": "W19wCPizaIC9Zh47w8wWI/yxuqR7/dtABwOrc8r2jX/8mUNxM2vw4fXDh+DJTeogxV+KzKwg5jNNGQVwf3LXyA==",
        "dependencies": {
          "Microsoft.CodeCoverage": "17.13.0",
          "Microsoft.TestPlatform.TestHost": "17.13.0"
        }
      },
      "xunit": {
        "type": "Direct",
        "requested": "[2.9.3, )",
        "resolved": "2.9.3",
        "contentHash": "TlXQBinK35LpOPKHAqbLY4xlEen9TBafjs0V5KnA4wZsoQLQJiirCR4CbIXvOH8NzkW4YeJKP5P/Bnrodm0h9Q==",
        "dependencies": {
          "xunit.analyzers": "1.18.0",
          "xunit.assert": "2.9.3",
          "xunit.core": "[2.9.3]"
        }
      },
      "xunit.runner.visualstudio": {
        "type": "Direct",
        "requested": "[2.8.2, )",
        "resolved": "2.8.2",
        "contentHash": "vm1tbfXhFmjFMUmS4M0J0ASXz3/U5XvXBa6DOQUL3fEz4Vt6YPhv+ESCarx6M6D+9kJkJYZKCNvJMas1+nVfmQ=="
      },
      "Fido2.Models": {
        "type": "Transitive",
        "resolved": "4.0.0",
        "contentHash": "lHQXj3KvTN+ovSrlgY1jfwFn5PmH000Dc61YDFjewHM3FVdZyhma5V8I/LRP2pkhE8knLZkfy7CZDurlqGHYww==",
        "dependencies": {
          "Microsoft.Bcl.Memory": "9.0.0"
        }
      },
      "libsodium": {
        "type": "Transitive",
        "resolved": "1.0.20.1",
        "contentHash": "pkiceEqJDQFHjbga3k/oPfTVX9g+GKJZ1VrkuiLhaymt9YNw1Dr7cX9hNuZuNaWcr9WD0moW55k4pMwzQ7JaZQ=="
      },
      "Microsoft.Bcl.Memory": {
        "type": "Transitive",
        "resolved": "9.0.0",
        "contentHash": "bTUtGfpGyJnohQzjdXbtc7MqNzkv7CWUSRz54+ucNm0i32rZiIU0VdVPHDBShOl1qhVKRjW8mnEBz3d2vH93tQ=="
      },
      "Microsoft.Bcl.TimeProvider": {
        "type": "Transitive",
        "resolved": "8.0.1",
        "contentHash": "C7kWHJnMRY7EvJev2S8+yJHZ1y7A4ZlLbA4NE+O23BDIAN5mHeqND1m+SKv1ChRS5YlCDW7yAMUe7lttRsJaAA=="
      },
      "Microsoft.CodeCoverage": {
        "type": "Transitive",
        "resolved": "17.13.0",
        "contentHash": "9LIUy0y+DvUmEPtbRDw6Bay3rzwqFV8P4efTrK4CZhQle3M/QwLPjISghfcolmEGAPWxuJi6m98ZEfk4VR4Lfg=="
      },
      "Microsoft.Data.Sqlite.Core": {
        "type": "Transitive",
        "resolved": "10.0.3",
        "contentHash": "onD94qHlvteS2S9eg1T7Huehm3x92no4nU1AyDWjSmT6jDBhY8QF0UapwNhFA+1dArzxM10fV7s6uI1EIK2+dw==",
        "dependencies": {
          "SQLitePCLRaw.core": "2.1.11"
        }
      },
      "Microsoft.EntityFrameworkCore": {
        "type": "Transitive",
        "resolved": "10.0.3",
        "contentHash": "CDEImwD4A7BseABJMCpLZnhfFjmPY/bHwhhS70elc6gLI/bYUEOhxWt7PmaNGYGhIEzOnStlCy5QcVb+8dod5Q==",
        "dependencies": {
          "Microsoft.EntityFrameworkCore.Abstractions": "10.0.3",
          "Microsoft.EntityFrameworkCore.Analyzers": "10.0.3"
        }
      },
      "Microsoft.EntityFrameworkCore.Abstractions": {
        "type": "Transitive",
        "resolved": "10.0.3",
        "contentHash": "c7Uoz381xnMHNBRB8eHRhGgzUtXbgddlbODhwZRrTSzZWDharp3RkJsFwhxyESbeXhCqmML7VdvjMQ7uu+HreA=="
      },
      "Microsoft.EntityFrameworkCore.Analyzers": {
        "type": "Transitive",
        "resolved": "10.0.3",
        "contentHash": "lVABgJTyTUNE7Bi0bSu4dWHiCHIXEGzTh/kLh0N07IgU/tIKwTeBPp8tgV4x2iKj4h7iPLo8oXzyHmLDGtAE1g=="
      },
      "Microsoft.EntityFrameworkCore.Relational": {
        "type": "Transitive",
        "resolved": "10.0.3",
        "contentHash": "Pmh60OK9neVr/M0FJwm9hlzm2bD4Kd65SID8E6SP5c90tExNgXwORrlEWl0oGU/ig9ifpNN4PSpIrnHNozlT5w==",
        "dependencies": {
          "Microsoft.EntityFrameworkCore": "10.0.3"
        }
      },
      "Microsoft.EntityFrameworkCore.Sqlite.Core": {
        "type": "Transitive",
        "resolved": "10.0.3",
        "contentHash": "bUkOkSwPqvhNlsMMg5dA/PR9S4cVehiHEIZklakRH6JZCFsEBNvUz8kBRGK8Hi6mcaPKUAmVZQkN3moZsBYZLA==",
        "dependencies": {
          "Microsoft.Data.Sqlite.Core": "10.0.3",
          "Microsoft.EntityFrameworkCore.Relational": "10.0.3",
          "Microsoft.Extensions.DependencyModel": "10.0.3",
          "SQLitePCLRaw.core": "2.1.11"
        }
      },
      "Microsoft.Extensions.DependencyModel": {
        "type": "Transitive",
        "resolved": "10.0.3",
        "contentHash": "31kRjr1fgdJO1UZ/AsjL2noqwht+juHMQ8c/oh8CEsDhlM2+0zwVZVsZjxSfOFiPtn5+6kRGuvSbLAufAPT0kA=="
      },
      "Microsoft.Extensions.FileProviders.Embedded": {
        "type": "Transitive",
        "resolved": "10.0.3",
        "contentHash": "kw/xPl7m4Gv6bqx2ojihTtWiN2K2AklyMIrvncuSi2MOdwu0oMKoyh0G3p2Brt7m43Q9ER0IaA2G4EGjfgDh/w=="
      },
      "Microsoft.IdentityModel.Abstractions": {
        "type": "Transitive",
        "resolved": "8.2.0",
        "contentHash": "27ClfnelIu92kLGOaz0vjdXR1Jv7hAdLffxxNgR8T0+IMWmxeVyO3cU8oohmuTrWUFOfd2tsSGaRNewnuClIZw=="
      },
      "Microsoft.IdentityModel.JsonWebTokens": {
        "type": "Transitive",
        "resolved": "8.2.0",
        "contentHash": "/DAx+9HeqfkH/PccwHx7cUtQe9fYM6AxEmTla8WXUT+w+mapKLnigWmdKtF55hNvxiSnmGhSSCcG7XrvkpGKFA==",
        "dependencies": {
          "Microsoft.Bcl.TimeProvider": "8.0.1",
          "Microsoft.IdentityModel.Tokens": "8.2.0"
        }
      },
      "Microsoft.IdentityModel.Logging": {
        "type": "Transitive",
        "resolved": "8.2.0",
        "contentHash": "mZsjOZlbmCZfM71y8Fyo+D5UJ1RZFvmKXkxTfE2llQ0/CrfEeWmbpoew51w++EWs+G8B/peZqR1DQtbX3bB6Fg==",
        "dependencies": {
          "Microsoft.IdentityModel.Abstractions": "8.2.0"
        }
      },
      "Microsoft.IdentityModel.Tokens": {
        "type": "Transitive",
        "resolved": "8.2.0",
        "contentHash": "/I+6D3SwW8hQh5wznGzQCrS4L5y5Re/0AEKKfXXAduWzz4WKqJzY8RmjwZ6W66bIFUhPrqOy6zsLKPik4Ppnbw==",
        "dependencies": {
          "Microsoft.Bcl.TimeProvider": "8.0.1",
          "Microsoft.IdentityModel.Logging": "8.2.0"
        }
      },
      "Microsoft.TestPlatform.ObjectModel": {
        "type": "Transitive",
        "resolved": "17.13.0",
        "contentHash": "bt0E0Dx+iqW97o4A59RCmUmz/5NarJ7LRL+jXbSHod72ibL5XdNm1Ke+UO5tFhBG4VwHLcSjqq9BUSblGNWamw=="
      },
      "Microsoft.TestPlatform.TestHost": {
        "type": "Transitive",
        "resolved": "17.13.0",
        "contentHash": "9GGw08Dc3AXspjekdyTdZ/wYWFlxbgcF0s7BKxzVX+hzAwpifDOdxM+ceVaaJSQOwqt3jtuNlHn3XTpKUS9x9Q==",
        "dependencies": {
          "Microsoft.TestPlatform.ObjectModel": "17.13.0",
          "Newtonsoft.Json": "13.0.1"
        }
      },
      "Newtonsoft.Json": {
        "type": "Transitive",
        "resolved": "13.0.1",
        "contentHash": "ppPFpBcvxdsfUonNcvITKqLl3bqxWbDCZIzDWHzjpdAHRFfZe0Dw9HmA0+za13IdyrgJwpkDTDA9fHaxOrt20A=="
      },
      "Npgsql": {
        "type": "Transitive",
        "resolved": "10.0.0",
        "contentHash": "xZAYhPOU2rUIFpV48xsqhCx9vXs6Y+0jX2LCoSEfDFYMw9jtAOUk3iQsCnDLrFIv9NT3JGMihn7nnuZsPKqJmA=="
      },
      "NSec.Cryptography": {
        "type": "Transitive",
        "resolved": "25.4.0",
        "contentHash": "Z3wPpG0xefMLmhn9T+Ka/EzAmMQPT0THL/5E4lf9cXI/N9rbGH0G23ZFpRcPnD0ast2k7ieG6QSVNIjmfPCXBQ==",
        "dependencies": {
          "libsodium": "[1.0.20.1, 1.0.21)"
        }
      },
      "OpenTelemetry": {
        "type": "Transitive",
        "resolved": "1.11.2",
        "contentHash": "FwonkaCVW8M9DLTHmAeJ+znsQCeOVvF4vSBworyq6f55RJB62LFmK7h7SG2aNERTknxP5RoGSwGOBPcVEgC07w==",
        "dependencies": {
          "OpenTelemetry.Api.ProviderBuilderExtensions": "1.11.2"
        }
      },
      "OpenTelemetry.Api": {
        "type": "Transitive",
        "resolved": "1.11.2",
        "contentHash": "jgSd/FvtxPPc6nLaZnFj+bulHM2iQjy+NBCY5MbQjH6vkW/SfcXD9NMP3pKCmdF+SbZpgL+EoLQc+PmcnYYLlA=="
      },
      "OpenTelemetry.Api.ProviderBuilderExtensions": {
        "type": "Transitive",
        "resolved": "1.11.2",
        "contentHash": "Y1aag4WT9f3rF8jQWwub5DsFVXpM/5NQsfYg6lmsNQrtJ6TcRqQu2PubcHXeIX2N6TA7XF3ffQAgeJklsSLeoQ==",
        "dependencies": {
          "OpenTelemetry.Api": "1.11.2"
        }
      },
      "Serilog": {
        "type": "Transitive",
        "resolved": "4.3.0",
        "contentHash": "+cDryFR0GRhsGOnZSKwaDzRRl4MupvJ42FhCE4zhQRVanX0Jpg6WuCBk59OVhVDPmab1bB+nRykAnykYELA9qQ=="
      },
      "Serilog.Extensions.Hosting": {
        "type": "Transitive",
        "resolved": "10.0.0",
        "contentHash": "E7juuIc+gzoGxgzFooFgAV8g9BfiSXNKsUok9NmEpyAXg2odkcPsMa/Yo4axkJRlh0se7mkYQ1GXDaBemR+b6w==",
        "dependencies": {
          "Serilog": "4.3.0",
          "Serilog.Extensions.Logging": "10.0.0"
        }
      },
      "Serilog.Extensions.Logging": {
        "type": "Transitive",
        "resolved": "10.0.0",
        "contentHash": "vx0kABKl2dWbBhhqAfTOk53/i8aV/5VaT3a6il9gn72Wqs2pM7EK2OB6No6xdqK2IaY6Zf9gdjLuK9BVa2rT+Q==",
        "dependencies": {
          "Serilog": "4.2.0"
        }
      },
      "Serilog.Formatting.Compact": {
        "type": "Transitive",
        "resolved": "3.0.0",
        "contentHash": "wQsv14w9cqlfB5FX2MZpNsTawckN4a8dryuNGbebB/3Nh1pXnROHZov3swtu3Nj5oNG7Ba+xdu7Et/ulAUPanQ==",
        "dependencies": {
          "Serilog": "4.0.0"
        }
      },
      "Serilog.Settings.Configuration": {
        "type": "Transitive",
        "resolved": "10.0.0",
        "contentHash": "LNq+ibS1sbhTqPV1FIE69/9AJJbfaOhnaqkzcjFy95o+4U+STsta9mi97f1smgXsWYKICDeGUf8xUGzd/52/uA==",
        "dependencies": {
          "Microsoft.Extensions.DependencyModel": "10.0.0",
          "Serilog": "4.3.0"
        }
      },
      "Serilog.Sinks.Debug": {
        "type": "Transitive",
        "resolved": "3.0.0",
        "contentHash": "4BzXcdrgRX7wde9PmHuYd9U6YqycCC28hhpKonK7hx0wb19eiuRj16fPcPSVp0o/Y1ipJuNLYQ00R3q2Zs8FDA==",
        "dependencies": {
          "Serilog": "4.0.0"
        }
      },
      "SQLitePCLRaw.bundle_e_sqlite3": {
        "type": "Transitive",
        "resolved": "2.1.11",
        "contentHash": "DC4nA7yWnf4UZdgJDF+9Mus4/cb0Y3Sfgi3gDnAoKNAIBwzkskNAbNbyu+u4atT0ruVlZNJfwZmwiEwE5oz9LQ==",
        "dependencies": {
          "SQLitePCLRaw.lib.e_sqlite3": "2.1.11",
          "SQLitePCLRaw.provider.e_sqlite3": "2.1.11"
        }
      },
      "SQLitePCLRaw.core": {
        "type": "Transitive",
        "resolved": "2.1.11",
        "contentHash": "PK0GLFkfhZzLQeR3PJf71FmhtHox+U3vcY6ZtswoMjrefkB9k6ErNJEnwXqc5KgXDSjige2XXrezqS39gkpQKA=="
      },
      "SQLitePCLRaw.lib.e_sqlite3": {
        "type": "Transitive",
        "resolved": "2.1.11",
        "contentHash": "Ev2ytaXiOlWZ4b3R67GZBsemTINslLD1DCJr2xiacpn4tbapu0Q4dHEzSvZSMnVWeE5nlObU3VZN2p81q3XOYQ=="
      },
      "SQLitePCLRaw.provider.e_sqlite3": {
        "type": "Transitive",
        "resolved": "2.1.11",
        "contentHash": "Y/0ZkR+r0Cg3DQFuCl1RBnv/tmxpIZRU3HUvelPw6MVaKHwYYR8YNvgs0vuNuXCMvlyJ+Fh88U1D4tah1tt6qw==",
        "dependencies": {
          "SQLitePCLRaw.core": "2.1.11"
        }
      },
      "xunit.abstractions": {
        "type": "Transitive",
        "resolved": "2.0.3",
        "contentHash": "pot1I4YOxlWjIb5jmwvvQNbTrZ3lJQ+jUGkGjWE3hEFM0l5gOnBWS+H3qsex68s5cO52g+44vpGzhAt+42vwKg=="
      },
      "xunit.analyzers": {
        "type": "Transitive",
        "resolved": "1.18.0",
        "contentHash": "OtFMHN8yqIcYP9wcVIgJrq01AfTxijjAqVDy/WeQVSyrDC1RzBWeQPztL49DN2syXRah8TYnfvk035s7L95EZQ=="
      },
      "xunit.assert": {
        "type": "Transitive",
        "resolved": "2.9.3",
        "contentHash": "/Kq28fCE7MjOV42YLVRAJzRF0WmEqsmflm0cfpMjGtzQ2lR5mYVj1/i0Y8uDAOLczkL3/jArrwehfMD0YogMAA=="
      },
      "xunit.core": {
        "type": "Transitive",
        "resolved": "2.9.3",
        "contentHash": "BiAEvqGvyme19wE0wTKdADH+NloYqikiU0mcnmiNyXaF9HyHmE6sr/3DC5vnBkgsWaE6yPyWszKSPSApWdRVeQ==",
        "dependencies": {
          "xunit.extensibility.core": "[2.9.3]",
          "xunit.extensibility.execution": "[2.9.3]"
        }
      },
      "xunit.extensibility.core": {
        "type": "Transitive",
        "resolved": "2.9.3",
        "contentHash": "kf3si0YTn2a8J8eZNb+zFpwfoyvIrQ7ivNk5ZYA5yuYk1bEtMe4DxJ2CF/qsRgmEnDr7MnW1mxylBaHTZ4qErA==",
        "dependencies": {
          "xunit.abstractions": "2.0.3"
        }
      },
      "xunit.extensibility.execution": {
        "type": "Transitive",
        "resolved": "2.9.3",
        "contentHash": "yMb6vMESlSrE3Wfj7V6cjQ3S4TXdXpRqYeNEI3zsX31uTsGMJjEw6oD5F5u1cHnMptjhEECnmZSsPxB6ChZHDQ==",
        "dependencies": {
          "xunit.extensibility.core": "[2.9.3]"
        }
      },
      "requiemnexus.application": {
        "type": "Project",
        "dependencies": {
          "QuestPDF": "[2026.2.3, )",
          "RequiemNexus.Data": "[1.0.0, )",
          "RequiemNexus.Domain": "[1.0.0, )"
        }
      },
      "requiemnexus.data": {
        "type": "Project",
        "dependencies": {
          "Microsoft.AspNetCore.Identity.EntityFrameworkCore": "[10.0.3, )",
          "Microsoft.EntityFrameworkCore.Sqlite": "[10.0.3, )",
          "Npgsql.EntityFrameworkCore.PostgreSQL": "[10.0.0, )",
          "RequiemNexus.Domain": "[1.0.0, )"
        }
      },
      "requiemnexus.domain": {
        "type": "Project"
      },
      "requiemnexus.web": {
        "type": "Project",
        "dependencies": {
          "AspNet.Security.OAuth.Discord": "[9.0.0, )",
          "Fido2.AspNet": "[4.0.0, )",
          "Microsoft.AspNetCore.Authentication.Google": "[10.0.3, )",
          "Microsoft.AspNetCore.Diagnostics.EntityFrameworkCore": "[10.0.3, )",
          "Microsoft.AspNetCore.Identity.EntityFrameworkCore": "[10.0.3, )",
          "Microsoft.AspNetCore.Identity.UI": "[10.0.3, )",
          "Microsoft.EntityFrameworkCore.Sqlite": "[10.0.3, )",
          "Microsoft.Extensions.Diagnostics.HealthChecks.EntityFrameworkCore": "[10.0.3, )",
          "Npgsql.EntityFrameworkCore.PostgreSQL": "[10.0.0, )",
          "OpenTelemetry.Extensions.Hosting": "[1.11.2, )",
          "OpenTelemetry.Instrumentation.AspNetCore": "[1.11.1, )",
          "OpenTelemetry.Instrumentation.Http": "[1.11.1, )",
          "RequiemNexus.Application": "[1.0.0, )",
          "RequiemNexus.Data": "[1.0.0, )",
          "RequiemNexus.Domain": "[1.0.0, )",
          "Serilog.AspNetCore": "[10.0.0, )",
          "Serilog.Sinks.Console": "[6.1.1, )",
          "Serilog.Sinks.File": "[7.0.0, )"
        }
      },
      "AspNet.Security.OAuth.Discord": {
        "type": "CentralTransitive",
        "requested": "[9.0.0, )",
        "resolved": "9.0.0",
        "contentHash": "UEBj8Dm3yKs829/FPJqI6bJTEjJrmXsuY+b63I3njrtGYzPsGoQOCqh11RAWqhzo26Tm2zk8mmMAHSdcHCBVJQ=="
      },
      "Fido2": {
        "type": "CentralTransitive",
        "requested": "[4.0.0, )",
        "resolved": "4.0.0",
        "contentHash": "CbXayIkJobJa1IbGsL2ttHRqkyc4A21mhz/48D5IkHaskTlwXqeyKLFRps3NRzPkY+4O+weexea5FjNRSq3bpg==",
        "dependencies": {
          "Fido2.Models": "4.0.0",
          "Microsoft.IdentityModel.JsonWebTokens": "8.2.0",
          "NSec.Cryptography": "25.4.0"
        }
      },
      "Fido2.AspNet": {
        "type": "CentralTransitive",
        "requested": "[4.0.0, )",
        "resolved": "4.0.0",
        "contentHash": "vFO+2eWqYT6IJt8q886o3kFz/jsEO3FDWPrZuPtwX7FZAWVC1/C5Rw+2ZBNIoj4l1U8rqFmpc58rG+FvGnFDQg==",
        "dependencies": {
          "Fido2": "4.0.0",
          "Fido2.Models": "4.0.0"
        }
      },
      "Microsoft.AspNetCore.Authentication.Google": {
        "type": "CentralTransitive",
        "requested": "[10.0.3, )",
        "resolved": "10.0.3",
        "contentHash": "yQa/PjN0tPgjDvT96J7ZlEpJ/KzL99MGVJIXPWJw3byVZZdEf5ahsZMtGhJGf7spy2tSWl8ULNdu2ZuKo4+2QA=="
      },
      "Microsoft.AspNetCore.Diagnostics.EntityFrameworkCore": {
        "type": "CentralTransitive",
        "requested": "[10.0.3, )",
        "resolved": "10.0.3",
        "contentHash": "EdsNq9yumLHn8V8bstUXNApBhQFQjGYgufwCAp6SOrXm320n9jNXNpvKS6zfith10wAexkGdFAz1ulW50l+9Kw==",
        "dependencies": {
          "Microsoft.EntityFrameworkCore.Relational": "10.0.3"
        }
      },
      "Microsoft.AspNetCore.Identity.UI": {
        "type": "CentralTransitive",
        "requested": "[10.0.3, )",
        "resolved": "10.0.3",
        "contentHash": "xhxrP7QcUuyA2FcZsbvdHSqTauPseNrXzhFUYaRj+Elz1nxJceKbW+COc1P9QbpKeZDh9aTDSldHbz3AnMWOqg==",
        "dependencies": {
          "Microsoft.Extensions.FileProviders.Embedded": "10.0.3"
        }
      },
      "Microsoft.EntityFrameworkCore.Sqlite": {
        "type": "CentralTransitive",
        "requested": "[10.0.3, )",
        "resolved": "10.0.3",
        "contentHash": "pXP9l00ZzsZuS6ajUJFLHi5vt3vVxHaxQXCwRs73tyqNbjPX/4ac114wyfAepMSmUKq0roFFoTZ7h+1K1+iQjQ==",
        "dependencies": {
          "Microsoft.EntityFrameworkCore.Sqlite.Core": "10.0.3",
          "Microsoft.Extensions.DependencyModel": "10.0.3",
          "SQLitePCLRaw.bundle_e_sqlite3": "2.1.11",
          "SQLitePCLRaw.core": "2.1.11"
        }
      },
      "Microsoft.Extensions.Diagnostics.HealthChecks.EntityFrameworkCore": {
        "type": "CentralTransitive",
        "requested": "[10.0.3, )",
        "resolved": "10.0.3",
        "contentHash": "iS+BIH8VkzR9ox57Jm6YLlYW9VfcaDL5b05f8acl2lK9goVDJJq6qbfuLarW9PDf3Vrxv05SEk8bYQkhZDfVow==",
        "dependencies": {
          "Microsoft.EntityFrameworkCore.Relational": "10.0.3"
        }
      },
      "Npgsql.EntityFrameworkCore.PostgreSQL": {
        "type": "CentralTransitive",
        "requested": "[10.0.0, )",
        "resolved": "10.0.0",
        "contentHash": "E2+uSWxSB8LdsUVwPaqRWOcGOP92biry2JEwc0KJMdLJF+aZdczeIdEXVwEyv4nSVMQJH0o8tLhyAMiR6VF0lw==",
        "dependencies": {
          "Microsoft.EntityFrameworkCore": "[10.0.0, 11.0.0)",
          "Microsoft.EntityFrameworkCore.Relational": "[10.0.0, 11.0.0)",
          "Npgsql": "10.0.0"
        }
      },
      "OpenTelemetry.Extensions.Hosting": {
        "type": "CentralTransitive",
        "requested": "[1.11.2, )",
        "resolved": "1.11.2",
        "contentHash": "X0SZcZM9nv7+/WreH3q5McgxeaLBwN3ohsH/R58uAKeiuieqDxoAVFyQSQaRkpkrqIZSTTab6NHDQXglIreG0Q==",
        "dependencies": {
          "OpenTelemetry": "1.11.2"
        }
      },
      "OpenTelemetry.Instrumentation.AspNetCore": {
        "type": "CentralTransitive",
        "requested": "[1.11.1, )",
        "resolved": "1.11.1",
        "contentHash": "KAzLOcCGi6TviuJWx0+QSgjVCrEnWDayN3aFSHoKzINPx/Tfwd9MIePUUDXQ+xHzrwon8IfExIDT1+UyIf3hoA==",
        "dependencies": {
          "OpenTelemetry.Api.ProviderBuilderExtensions": "[1.11.2, 2.0.0)"
        }
      },
      "OpenTelemetry.Instrumentation.Http": {
        "type": "CentralTransitive",
        "requested": "[1.11.1, )",
        "resolved": "1.11.1",
        "contentHash": "hyZ3H8HxtQPvipBPdkN6tJWSCvY06XVyLbKlHuJlPrlV/lQJ/QuEBKYTXqcSa21LE/Th4HV+Choxi8eTu74xyw==",
        "dependencies": {
          "OpenTelemetry.Api.ProviderBuilderExtensions": "[1.11.2, 2.0.0)"
        }
      },
      "QuestPDF": {
        "type": "CentralTransitive",
        "requested": "[2026.2.3, )",
        "resolved": "2026.2.3",
        "contentHash": "el20n2otRqY6AXsijlwPcTf12A54vm2KucQZ67k+9N5htrzfsXaBxh+/gU44HhTS4kmRFdYerY6WE47ybHhFYA=="
      },
      "Serilog.AspNetCore": {
        "type": "CentralTransitive",
        "requested": "[10.0.0, )",
        "resolved": "10.0.0",
        "contentHash": "a/cNa1mY4On1oJlfGG1wAvxjp5g7OEzk/Jf/nm7NF9cWoE7KlZw1GldrifUBWm9oKibHkR7Lg/l5jy3y7ACR8w==",
        "dependencies": {
          "Serilog": "4.3.0",
          "Serilog.Extensions.Hosting": "10.0.0",
          "Serilog.Formatting.Compact": "3.0.0",
          "Serilog.Settings.Configuration": "10.0.0",
          "Serilog.Sinks.Console": "6.1.1",
          "Serilog.Sinks.Debug": "3.0.0",
          "Serilog.Sinks.File": "7.0.0"
        }
      },
      "Serilog.Sinks.Console": {
        "type": "CentralTransitive",
        "requested": "[6.1.1, )",
        "resolved": "6.1.1",
        "contentHash": "8jbqgjUyZlfCuSTaJk6lOca465OndqOz3KZP6Cryt/IqZYybyBu7GP0fE/AXBzrrQB3EBmQntBFAvMVz1COvAA==",
        "dependencies": {
          "Serilog": "4.0.0"
        }
      },
      "Serilog.Sinks.File": {
        "type": "CentralTransitive",
        "requested": "[7.0.0, )",
        "resolved": "7.0.0",
        "contentHash": "fKL7mXv7qaiNBUC71ssvn/dU0k9t0o45+qm2XgKAlSt19xF+ijjxyA3R6HmCgfKEKwfcfkwWjayuQtRueZFkYw==",
        "dependencies": {
          "Serilog": "4.2.0"
        }
      }
    }
  }
}